{
  "name": "speedruns",
  "lockfileVersion": 3,
  "requires": true,
  "packages": {
    "": {
      "dependencies": {
        "pwn": "^0.0.1"
      }
    },
    "node_modules/pwn": {
      "version": "0.0.1",
      "resolved": "https://registry.npmjs.org/pwn/-/pwn-0.0.1.tgz",
      "integrity": "sha512-ADXbdotpu/glczhFhI0LnrAH2Q3ODqTw70mhoyyJU/bN8BPeiTzaZdDt6Hqzs2f5a4wSZGaM+HRH84DH+W2deQ=="
    }
  }
}
